// !$*UTF8*$!
{
	archiveVersion = 1;
	classes = {
	};
	objectVersion = 50;
	objects = {

/* Begin PBXBuildFile section */
		4150D2A224982D6A007FBEDD /* Day.swift in Sources */ = {isa = PBXBuildFile; fileRef = 4150D2A124982D6A007FBEDD /* Day.swift */; };
		4150D2A52498345B007FBEDD /* ScheduleDateEncodable.swift in Sources */ = {isa = PBXBuildFile; fileRef = 4150D2A42498345B007FBEDD /* ScheduleDateEncodable.swift */; };
		4150D2AB2498425E007FBEDD /* ShowServiceMock.swift in Sources */ = {isa = PBXBuildFile; fileRef = 4150D2AA2498425E007FBEDD /* ShowServiceMock.swift */; };
		4150D2AD24984BA8007FBEDD /* ImageServiceMock.swift in Sources */ = {isa = PBXBuildFile; fileRef = 4150D2AC24984BA8007FBEDD /* ImageServiceMock.swift */; };
		4150D2B1249855B6007FBEDD /* ShowViewModelTest.swift in Sources */ = {isa = PBXBuildFile; fileRef = 4150D2B0249855B6007FBEDD /* ShowViewModelTest.swift */; };
		4150D2B324985F45007FBEDD /* DateFormatter+Utilities.swift in Sources */ = {isa = PBXBuildFile; fileRef = 4150D2B224985F45007FBEDD /* DateFormatter+Utilities.swift */; };
		4150D2B52498658C007FBEDD /* DetailViewModelTest.swift in Sources */ = {isa = PBXBuildFile; fileRef = 4150D2B42498658C007FBEDD /* DetailViewModelTest.swift */; };
		41C7D61A2493C9910039E030 /* TableViewCell+Utilities.swift in Sources */ = {isa = PBXBuildFile; fileRef = 41C7D6192493C9910039E030 /* TableViewCell+Utilities.swift */; };
		41C7D61C2493D7D70039E030 /* UIView+AutoLayout.swift in Sources */ = {isa = PBXBuildFile; fileRef = 41C7D61B2493D7D70039E030 /* UIView+AutoLayout.swift */; };
		41C7D61F2493D9030039E030 /* ActivityIndicator.swift in Sources */ = {isa = PBXBuildFile; fileRef = 41C7D61E2493D9030039E030 /* ActivityIndicator.swift */; };
		41D360F4249504C100478902 /* DetailViewController.swift in Sources */ = {isa = PBXBuildFile; fileRef = 41D360F3249504C100478902 /* DetailViewController.swift */; };
		41D360F6249506B200478902 /* DetailView.swift in Sources */ = {isa = PBXBuildFile; fileRef = 41D360F5249506B200478902 /* DetailView.swift */; };
		41D360F824950CD800478902 /* DetailViewModel.swift in Sources */ = {isa = PBXBuildFile; fileRef = 41D360F724950CD800478902 /* DetailViewModel.swift */; };
		41D360FA2495779000478902 /* String+Utilities.swift in Sources */ = {isa = PBXBuildFile; fileRef = 41D360F92495779000478902 /* String+Utilities.swift */; };
		41D3610024968AE200478902 /* Cast.swift in Sources */ = {isa = PBXBuildFile; fileRef = 41D360FF24968AE200478902 /* Cast.swift */; };
		41D361022496D3A700478902 /* PageViewController.swift in Sources */ = {isa = PBXBuildFile; fileRef = 41D361012496D3A700478902 /* PageViewController.swift */; };
		41DDB6212492F41C00BAD201 /* AppDelegate.swift in Sources */ = {isa = PBXBuildFile; fileRef = 41DDB6202492F41C00BAD201 /* AppDelegate.swift */; };
		41DDB6232492F41C00BAD201 /* SceneDelegate.swift in Sources */ = {isa = PBXBuildFile; fileRef = 41DDB6222492F41C00BAD201 /* SceneDelegate.swift */; };
		41DDB6252492F41C00BAD201 /* MainViewController.swift in Sources */ = {isa = PBXBuildFile; fileRef = 41DDB6242492F41C00BAD201 /* MainViewController.swift */; };
		41DDB6282492F41C00BAD201 /* Main.storyboard in Resources */ = {isa = PBXBuildFile; fileRef = 41DDB6262492F41C00BAD201 /* Main.storyboard */; };
		41DDB62A2492F42100BAD201 /* Assets.xcassets in Resources */ = {isa = PBXBuildFile; fileRef = 41DDB6292492F42100BAD201 /* Assets.xcassets */; };
		41DDB62D2492F42100BAD201 /* LaunchScreen.storyboard in Resources */ = {isa = PBXBuildFile; fileRef = 41DDB62B2492F42100BAD201 /* LaunchScreen.storyboard */; };
		41DDB6382492F42200BAD201 /* MainViewModelTest.swift in Sources */ = {isa = PBXBuildFile; fileRef = 41DDB6372492F42200BAD201 /* MainViewModelTest.swift */; };
		41DDB6432492F42200BAD201 /* TVShowsUITests.swift in Sources */ = {isa = PBXBuildFile; fileRef = 41DDB6422492F42200BAD201 /* TVShowsUITests.swift */; };
		41DDB6932492F75400BAD201 /* Binding.swift in Sources */ = {isa = PBXBuildFile; fileRef = 41DDB6922492F75400BAD201 /* Binding.swift */; };
		41DDB6962492F78600BAD201 /* TVShowsSetup.swift in Sources */ = {isa = PBXBuildFile; fileRef = 41DDB6952492F78600BAD201 /* TVShowsSetup.swift */; };
		41DDB6992492F7CE00BAD201 /* ServiceLayerClient.swift in Sources */ = {isa = PBXBuildFile; fileRef = 41DDB6982492F7CE00BAD201 /* ServiceLayerClient.swift */; };
		41DDB69B2492F8AF00BAD201 /* ShowService.swift in Sources */ = {isa = PBXBuildFile; fileRef = 41DDB69A2492F8AF00BAD201 /* ShowService.swift */; };
		41DDB69E2492FD2200BAD201 /* TVShow.swift in Sources */ = {isa = PBXBuildFile; fileRef = 41DDB69D2492FD2200BAD201 /* TVShow.swift */; };
		41DDB6A02493044800BAD201 /* Endpoint.swift in Sources */ = {isa = PBXBuildFile; fileRef = 41DDB69F2493044800BAD201 /* Endpoint.swift */; };
		41DDB6A32493304100BAD201 /* ViewControllerFactory.swift in Sources */ = {isa = PBXBuildFile; fileRef = 41DDB6A22493304100BAD201 /* ViewControllerFactory.swift */; };
		41DDB6A62493311500BAD201 /* MainViewModel.swift in Sources */ = {isa = PBXBuildFile; fileRef = 41DDB6A52493311500BAD201 /* MainViewModel.swift */; };
		41DDB6A8249332D100BAD201 /* ImageService.swift in Sources */ = {isa = PBXBuildFile; fileRef = 41DDB6A7249332D100BAD201 /* ImageService.swift */; };
		41DDB6AA2493337E00BAD201 /* ShowViewModel.swift in Sources */ = {isa = PBXBuildFile; fileRef = 41DDB6A92493337E00BAD201 /* ShowViewModel.swift */; };
		41DDB6AE249344A200BAD201 /* ScheduleDate.swift in Sources */ = {isa = PBXBuildFile; fileRef = 41DDB6AD249344A200BAD201 /* ScheduleDate.swift */; };
		41DDB6B12493A53200BAD201 /* Encodable+Utilities.swift in Sources */ = {isa = PBXBuildFile; fileRef = 41DDB6B02493A53200BAD201 /* Encodable+Utilities.swift */; };
		41DDB6B32493BFBF00BAD201 /* MainViewCell.swift in Sources */ = {isa = PBXBuildFile; fileRef = 41DDB6B22493BFBF00BAD201 /* MainViewCell.swift */; };
/* End PBXBuildFile section */

/* Begin PBXContainerItemProxy section */
		41DDB6342492F42200BAD201 /* PBXContainerItemProxy */ = {
			isa = PBXContainerItemProxy;
			containerPortal = 41DDB6152492F41C00BAD201 /* Project object */;
			proxyType = 1;
			remoteGlobalIDString = 41DDB61C2492F41C00BAD201;
			remoteInfo = TVShows;
		};
		41DDB63F2492F42200BAD201 /* PBXContainerItemProxy */ = {
			isa = PBXContainerItemProxy;
			containerPortal = 41DDB6152492F41C00BAD201 /* Project object */;
			proxyType = 1;
			remoteGlobalIDString = 41DDB61C2492F41C00BAD201;
			remoteInfo = TVShows;
		};
/* End PBXContainerItemProxy section */

/* Begin PBXFileReference section */
		4150D2A124982D6A007FBEDD /* Day.swift */ = {isa = PBXFileReference; lastKnownFileType = sourcecode.swift; path = Day.swift; sourceTree = "<group>"; };
		4150D2A42498345B007FBEDD /* ScheduleDateEncodable.swift */ = {isa = PBXFileReference; lastKnownFileType = sourcecode.swift; path = ScheduleDateEncodable.swift; sourceTree = "<group>"; };
		4150D2AA2498425E007FBEDD /* ShowServiceMock.swift */ = {isa = PBXFileReference; lastKnownFileType = sourcecode.swift; path = ShowServiceMock.swift; sourceTree = "<group>"; };
		4150D2AC24984BA8007FBEDD /* ImageServiceMock.swift */ = {isa = PBXFileReference; lastKnownFileType = sourcecode.swift; path = ImageServiceMock.swift; sourceTree = "<group>"; };
		4150D2B0249855B6007FBEDD /* ShowViewModelTest.swift */ = {isa = PBXFileReference; lastKnownFileType = sourcecode.swift; path = ShowViewModelTest.swift; sourceTree = "<group>"; };
		4150D2B224985F45007FBEDD /* DateFormatter+Utilities.swift */ = {isa = PBXFileReference; lastKnownFileType = sourcecode.swift; path = "DateFormatter+Utilities.swift"; sourceTree = "<group>"; };
		4150D2B42498658C007FBEDD /* DetailViewModelTest.swift */ = {isa = PBXFileReference; lastKnownFileType = sourcecode.swift; path = DetailViewModelTest.swift; sourceTree = "<group>"; };
		41C7D6192493C9910039E030 /* TableViewCell+Utilities.swift */ = {isa = PBXFileReference; lastKnownFileType = sourcecode.swift; path = "TableViewCell+Utilities.swift"; sourceTree = "<group>"; };
		41C7D61B2493D7D70039E030 /* UIView+AutoLayout.swift */ = {isa = PBXFileReference; lastKnownFileType = sourcecode.swift; path = "UIView+AutoLayout.swift"; sourceTree = "<group>"; };
		41C7D61E2493D9030039E030 /* ActivityIndicator.swift */ = {isa = PBXFileReference; lastKnownFileType = sourcecode.swift; path = ActivityIndicator.swift; sourceTree = "<group>"; };
		41D360F3249504C100478902 /* DetailViewController.swift */ = {isa = PBXFileReference; lastKnownFileType = sourcecode.swift; path = DetailViewController.swift; sourceTree = "<group>"; };
		41D360F5249506B200478902 /* DetailView.swift */ = {isa = PBXFileReference; lastKnownFileType = sourcecode.swift; path = DetailView.swift; sourceTree = "<group>"; };
		41D360F724950CD800478902 /* DetailViewModel.swift */ = {isa = PBXFileReference; lastKnownFileType = sourcecode.swift; path = DetailViewModel.swift; sourceTree = "<group>"; };
		41D360F92495779000478902 /* String+Utilities.swift */ = {isa = PBXFileReference; lastKnownFileType = sourcecode.swift; path = "String+Utilities.swift"; sourceTree = "<group>"; };
		41D360FF24968AE200478902 /* Cast.swift */ = {isa = PBXFileReference; lastKnownFileType = sourcecode.swift; path = Cast.swift; sourceTree = "<group>"; };
		41D361012496D3A700478902 /* PageViewController.swift */ = {isa = PBXFileReference; lastKnownFileType = sourcecode.swift; path = PageViewController.swift; sourceTree = "<group>"; };
		41DDB61D2492F41C00BAD201 /* TVShows.app */ = {isa = PBXFileReference; explicitFileType = wrapper.application; includeInIndex = 0; path = TVShows.app; sourceTree = BUILT_PRODUCTS_DIR; };
		41DDB6202492F41C00BAD201 /* AppDelegate.swift */ = {isa = PBXFileReference; lastKnownFileType = sourcecode.swift; path = AppDelegate.swift; sourceTree = "<group>"; };
		41DDB6222492F41C00BAD201 /* SceneDelegate.swift */ = {isa = PBXFileReference; lastKnownFileType = sourcecode.swift; path = SceneDelegate.swift; sourceTree = "<group>"; };
		41DDB6242492F41C00BAD201 /* MainViewController.swift */ = {isa = PBXFileReference; lastKnownFileType = sourcecode.swift; path = MainViewController.swift; sourceTree = "<group>"; };
		41DDB6272492F41C00BAD201 /* Base */ = {isa = PBXFileReference; lastKnownFileType = file.storyboard; name = Base; path = Base.lproj/Main.storyboard; sourceTree = "<group>"; };
		41DDB6292492F42100BAD201 /* Assets.xcassets */ = {isa = PBXFileReference; lastKnownFileType = folder.assetcatalog; path = Assets.xcassets; sourceTree = "<group>"; };
		41DDB62C2492F42100BAD201 /* Base */ = {isa = PBXFileReference; lastKnownFileType = file.storyboard; name = Base; path = Base.lproj/LaunchScreen.storyboard; sourceTree = "<group>"; };
		41DDB62E2492F42100BAD201 /* Info.plist */ = {isa = PBXFileReference; lastKnownFileType = text.plist.xml; path = Info.plist; sourceTree = "<group>"; };
		41DDB6332492F42200BAD201 /* TVShowsTests.xctest */ = {isa = PBXFileReference; explicitFileType = wrapper.cfbundle; includeInIndex = 0; path = TVShowsTests.xctest; sourceTree = BUILT_PRODUCTS_DIR; };
		41DDB6372492F42200BAD201 /* MainViewModelTest.swift */ = {isa = PBXFileReference; lastKnownFileType = sourcecode.swift; path = MainViewModelTest.swift; sourceTree = "<group>"; };
		41DDB6392492F42200BAD201 /* Info.plist */ = {isa = PBXFileReference; lastKnownFileType = text.plist.xml; path = Info.plist; sourceTree = "<group>"; };
		41DDB63E2492F42200BAD201 /* TVShowsUITests.xctest */ = {isa = PBXFileReference; explicitFileType = wrapper.cfbundle; includeInIndex = 0; path = TVShowsUITests.xctest; sourceTree = BUILT_PRODUCTS_DIR; };
		41DDB6422492F42200BAD201 /* TVShowsUITests.swift */ = {isa = PBXFileReference; lastKnownFileType = sourcecode.swift; path = TVShowsUITests.swift; sourceTree = "<group>"; };
		41DDB6442492F42200BAD201 /* Info.plist */ = {isa = PBXFileReference; lastKnownFileType = text.plist.xml; path = Info.plist; sourceTree = "<group>"; };
		41DDB6922492F75400BAD201 /* Binding.swift */ = {isa = PBXFileReference; lastKnownFileType = sourcecode.swift; path = Binding.swift; sourceTree = "<group>"; };
		41DDB6952492F78600BAD201 /* TVShowsSetup.swift */ = {isa = PBXFileReference; lastKnownFileType = sourcecode.swift; path = TVShowsSetup.swift; sourceTree = "<group>"; };
		41DDB6982492F7CE00BAD201 /* ServiceLayerClient.swift */ = {isa = PBXFileReference; lastKnownFileType = sourcecode.swift; path = ServiceLayerClient.swift; sourceTree = "<group>"; };
		41DDB69A2492F8AF00BAD201 /* ShowService.swift */ = {isa = PBXFileReference; lastKnownFileType = sourcecode.swift; path = ShowService.swift; sourceTree = "<group>"; };
		41DDB69D2492FD2200BAD201 /* TVShow.swift */ = {isa = PBXFileReference; lastKnownFileType = sourcecode.swift; path = TVShow.swift; sourceTree = "<group>"; };
		41DDB69F2493044800BAD201 /* Endpoint.swift */ = {isa = PBXFileReference; lastKnownFileType = sourcecode.swift; path = Endpoint.swift; sourceTree = "<group>"; };
		41DDB6A22493304100BAD201 /* ViewControllerFactory.swift */ = {isa = PBXFileReference; lastKnownFileType = sourcecode.swift; path = ViewControllerFactory.swift; sourceTree = "<group>"; };
		41DDB6A52493311500BAD201 /* MainViewModel.swift */ = {isa = PBXFileReference; lastKnownFileType = sourcecode.swift; path = MainViewModel.swift; sourceTree = "<group>"; };
		41DDB6A7249332D100BAD201 /* ImageService.swift */ = {isa = PBXFileReference; lastKnownFileType = sourcecode.swift; path = ImageService.swift; sourceTree = "<group>"; };
		41DDB6A92493337E00BAD201 /* ShowViewModel.swift */ = {isa = PBXFileReference; lastKnownFileType = sourcecode.swift; path = ShowViewModel.swift; sourceTree = "<group>"; };
		41DDB6AD249344A200BAD201 /* ScheduleDate.swift */ = {isa = PBXFileReference; lastKnownFileType = sourcecode.swift; path = ScheduleDate.swift; sourceTree = "<group>"; };
		41DDB6B02493A53200BAD201 /* Encodable+Utilities.swift */ = {isa = PBXFileReference; lastKnownFileType = sourcecode.swift; path = "Encodable+Utilities.swift"; sourceTree = "<group>"; };
		41DDB6B22493BFBF00BAD201 /* MainViewCell.swift */ = {isa = PBXFileReference; lastKnownFileType = sourcecode.swift; path = MainViewCell.swift; sourceTree = "<group>"; };
/* End PBXFileReference section */

/* Begin PBXFrameworksBuildPhase section */
		41DDB61A2492F41C00BAD201 /* Frameworks */ = {
			isa = PBXFrameworksBuildPhase;
			buildActionMask = 2147483647;
			files = (
			);
			runOnlyForDeploymentPostprocessing = 0;
		};
		41DDB6302492F42200BAD201 /* Frameworks */ = {
			isa = PBXFrameworksBuildPhase;
			buildActionMask = 2147483647;
			files = (
			);
			runOnlyForDeploymentPostprocessing = 0;
		};
		41DDB63B2492F42200BAD201 /* Frameworks */ = {
			isa = PBXFrameworksBuildPhase;
			buildActionMask = 2147483647;
			files = (
			);
			runOnlyForDeploymentPostprocessing = 0;
		};
/* End PBXFrameworksBuildPhase section */

/* Begin PBXGroup section */
		4150D2A32498343B007FBEDD /* InputModel */ = {
			isa = PBXGroup;
			children = (
				4150D2A42498345B007FBEDD /* ScheduleDateEncodable.swift */,
			);
			path = InputModel;
			sourceTree = "<group>";
		};
		4150D2A624983475007FBEDD /* OutputModel */ = {
			isa = PBXGroup;
			children = (
				41DDB69D2492FD2200BAD201 /* TVShow.swift */,
				41D360FF24968AE200478902 /* Cast.swift */,
			);
			path = OutputModel;
			sourceTree = "<group>";
		};
		4150D2A7249841DB007FBEDD /* Mock */ = {
			isa = PBXGroup;
			children = (
				4150D2AA2498425E007FBEDD /* ShowServiceMock.swift */,
				4150D2AC24984BA8007FBEDD /* ImageServiceMock.swift */,
			);
			path = Mock;
			sourceTree = "<group>";
		};
		4150D2AF24985591007FBEDD /* ViewModel */ = {
			isa = PBXGroup;
			children = (
				41DDB6372492F42200BAD201 /* MainViewModelTest.swift */,
				4150D2B0249855B6007FBEDD /* ShowViewModelTest.swift */,
				4150D2B42498658C007FBEDD /* DetailViewModelTest.swift */,
			);
			path = ViewModel;
			sourceTree = "<group>";
		};
		41C7D61D2493D8EC0039E030 /* View */ = {
			isa = PBXGroup;
			children = (
				41C7D61B2493D7D70039E030 /* UIView+AutoLayout.swift */,
				41C7D61E2493D9030039E030 /* ActivityIndicator.swift */,
			);
			path = View;
			sourceTree = "<group>";
		};
		41DDB6142492F41C00BAD201 = {
			isa = PBXGroup;
			children = (
				41DDB61F2492F41C00BAD201 /* TVShows */,
				41DDB6362492F42200BAD201 /* TVShowsTests */,
				41DDB6412492F42200BAD201 /* TVShowsUITests */,
				41DDB61E2492F41C00BAD201 /* Products */,
			);
			sourceTree = "<group>";
		};
		41DDB61E2492F41C00BAD201 /* Products */ = {
			isa = PBXGroup;
			children = (
				41DDB61D2492F41C00BAD201 /* TVShows.app */,
				41DDB6332492F42200BAD201 /* TVShowsTests.xctest */,
				41DDB63E2492F42200BAD201 /* TVShowsUITests.xctest */,
			);
			name = Products;
			sourceTree = "<group>";
		};
		41DDB61F2492F41C00BAD201 /* TVShows */ = {
			isa = PBXGroup;
			children = (
				41DDB6AF2493A51900BAD201 /* Extensions */,
				41DDB6A42493310600BAD201 /* ViewModel */,
				41DDB6A12493302000BAD201 /* View */,
				41DDB69C2492FD0F00BAD201 /* Model */,
				41DDB6972492F7B300BAD201 /* Services */,
				41DDB6942492F77000BAD201 /* Setup */,
				41DDB6912492F74200BAD201 /* Binding */,
				41DDB6202492F41C00BAD201 /* AppDelegate.swift */,
				41DDB6222492F41C00BAD201 /* SceneDelegate.swift */,
				41DDB6262492F41C00BAD201 /* Main.storyboard */,
				41DDB6292492F42100BAD201 /* Assets.xcassets */,
				41DDB62B2492F42100BAD201 /* LaunchScreen.storyboard */,
				41DDB62E2492F42100BAD201 /* Info.plist */,
			);
			path = TVShows;
			sourceTree = "<group>";
		};
		41DDB6362492F42200BAD201 /* TVShowsTests */ = {
			isa = PBXGroup;
			children = (
				4150D2AF24985591007FBEDD /* ViewModel */,
				4150D2A7249841DB007FBEDD /* Mock */,
				41DDB6392492F42200BAD201 /* Info.plist */,
			);
			path = TVShowsTests;
			sourceTree = "<group>";
		};
		41DDB6412492F42200BAD201 /* TVShowsUITests */ = {
			isa = PBXGroup;
			children = (
				41DDB6422492F42200BAD201 /* TVShowsUITests.swift */,
				41DDB6442492F42200BAD201 /* Info.plist */,
			);
			path = TVShowsUITests;
			sourceTree = "<group>";
		};
		41DDB6912492F74200BAD201 /* Binding */ = {
			isa = PBXGroup;
			children = (
				41DDB6922492F75400BAD201 /* Binding.swift */,
			);
			path = Binding;
			sourceTree = "<group>";
		};
		41DDB6942492F77000BAD201 /* Setup */ = {
			isa = PBXGroup;
			children = (
				41DDB6952492F78600BAD201 /* TVShowsSetup.swift */,
			);
			path = Setup;
			sourceTree = "<group>";
		};
		41DDB6972492F7B300BAD201 /* Services */ = {
			isa = PBXGroup;
			children = (
				41DDB6982492F7CE00BAD201 /* ServiceLayerClient.swift */,
				41DDB69A2492F8AF00BAD201 /* ShowService.swift */,
				41DDB69F2493044800BAD201 /* Endpoint.swift */,
				41DDB6A7249332D100BAD201 /* ImageService.swift */,
			);
			path = Services;
			sourceTree = "<group>";
		};
		41DDB69C2492FD0F00BAD201 /* Model */ = {
			isa = PBXGroup;
			children = (
				4150D2A624983475007FBEDD /* OutputModel */,
				4150D2A32498343B007FBEDD /* InputModel */,
				41DDB6AD249344A200BAD201 /* ScheduleDate.swift */,
				4150D2A124982D6A007FBEDD /* Day.swift */,
			);
			path = Model;
			sourceTree = "<group>";
		};
		41DDB6A12493302000BAD201 /* View */ = {
			isa = PBXGroup;
			children = (
				41DDB6A22493304100BAD201 /* ViewControllerFactory.swift */,
				41DDB6B22493BFBF00BAD201 /* MainViewCell.swift */,
				41DDB6242492F41C00BAD201 /* MainViewController.swift */,
				41D360F3249504C100478902 /* DetailViewController.swift */,
				41D360F5249506B200478902 /* DetailView.swift */,
				41D361012496D3A700478902 /* PageViewController.swift */,
			);
			path = View;
			sourceTree = "<group>";
		};
		41DDB6A42493310600BAD201 /* ViewModel */ = {
			isa = PBXGroup;
			children = (
				41DDB6A52493311500BAD201 /* MainViewModel.swift */,
				41DDB6A92493337E00BAD201 /* ShowViewModel.swift */,
				41D360F724950CD800478902 /* DetailViewModel.swift */,
			);
			path = ViewModel;
			sourceTree = "<group>";
		};
		41DDB6AF2493A51900BAD201 /* Extensions */ = {
			isa = PBXGroup;
			children = (
				41C7D61D2493D8EC0039E030 /* View */,
				41DDB6B02493A53200BAD201 /* Encodable+Utilities.swift */,
				41C7D6192493C9910039E030 /* TableViewCell+Utilities.swift */,
				4150D2B224985F45007FBEDD /* DateFormatter+Utilities.swift */,
				41D360F92495779000478902 /* String+Utilities.swift */,
			);
			path = Extensions;
			sourceTree = "<group>";
		};
/* End PBXGroup section */

/* Begin PBXNativeTarget section */
		41DDB61C2492F41C00BAD201 /* TVShows */ = {
			isa = PBXNativeTarget;
			buildConfigurationList = 41DDB6472492F42200BAD201 /* Build configuration list for PBXNativeTarget "TVShows" */;
			buildPhases = (
				41DDB6192492F41C00BAD201 /* Sources */,
				41DDB61A2492F41C00BAD201 /* Frameworks */,
				41DDB61B2492F41C00BAD201 /* Resources */,
			);
			buildRules = (
			);
			dependencies = (
			);
			name = TVShows;
			productName = TVShows;
			productReference = 41DDB61D2492F41C00BAD201 /* TVShows.app */;
			productType = "com.apple.product-type.application";
		};
		41DDB6322492F42200BAD201 /* TVShowsTests */ = {
			isa = PBXNativeTarget;
			buildConfigurationList = 41DDB64A2492F42200BAD201 /* Build configuration list for PBXNativeTarget "TVShowsTests" */;
			buildPhases = (
				41DDB62F2492F42200BAD201 /* Sources */,
				41DDB6302492F42200BAD201 /* Frameworks */,
				41DDB6312492F42200BAD201 /* Resources */,
			);
			buildRules = (
			);
			dependencies = (
				41DDB6352492F42200BAD201 /* PBXTargetDependency */,
			);
			name = TVShowsTests;
			productName = TVShowsTests;
			productReference = 41DDB6332492F42200BAD201 /* TVShowsTests.xctest */;
			productType = "com.apple.product-type.bundle.unit-test";
		};
		41DDB63D2492F42200BAD201 /* TVShowsUITests */ = {
			isa = PBXNativeTarget;
			buildConfigurationList = 41DDB64D2492F42200BAD201 /* Build configuration list for PBXNativeTarget "TVShowsUITests" */;
			buildPhases = (
				41DDB63A2492F42200BAD201 /* Sources */,
				41DDB63B2492F42200BAD201 /* Frameworks */,
				41DDB63C2492F42200BAD201 /* Resources */,
			);
			buildRules = (
			);
			dependencies = (
				41DDB6402492F42200BAD201 /* PBXTargetDependency */,
			);
			name = TVShowsUITests;
			productName = TVShowsUITests;
			productReference = 41DDB63E2492F42200BAD201 /* TVShowsUITests.xctest */;
			productType = "com.apple.product-type.bundle.ui-testing";
		};
/* End PBXNativeTarget section */

/* Begin PBXProject section */
		41DDB6152492F41C00BAD201 /* Project object */ = {
			isa = PBXProject;
			attributes = {
				LastSwiftUpdateCheck = 1150;
				LastUpgradeCheck = 1150;
				ORGANIZATIONNAME = "Aliasgar Mala";
				TargetAttributes = {
					41DDB61C2492F41C00BAD201 = {
						CreatedOnToolsVersion = 11.5;
					};
					41DDB6322492F42200BAD201 = {
						CreatedOnToolsVersion = 11.5;
						TestTargetID = 41DDB61C2492F41C00BAD201;
					};
					41DDB63D2492F42200BAD201 = {
						CreatedOnToolsVersion = 11.5;
						TestTargetID = 41DDB61C2492F41C00BAD201;
					};
				};
			};
			buildConfigurationList = 41DDB6182492F41C00BAD201 /* Build configuration list for PBXProject "TVShows" */;
			compatibilityVersion = "Xcode 9.3";
			developmentRegion = en;
			hasScannedForEncodings = 0;
			knownRegions = (
				en,
				Base,
			);
			mainGroup = 41DDB6142492F41C00BAD201;
			productRefGroup = 41DDB61E2492F41C00BAD201 /* Products */;
			projectDirPath = "";
			projectRoot = "";
			targets = (
				41DDB61C2492F41C00BAD201 /* TVShows */,
				41DDB6322492F42200BAD201 /* TVShowsTests */,
				41DDB63D2492F42200BAD201 /* TVShowsUITests */,
			);
		};
/* End PBXProject section */

/* Begin PBXResourcesBuildPhase section */
		41DDB61B2492F41C00BAD201 /* Resources */ = {
			isa = PBXResourcesBuildPhase;
			buildActionMask = 2147483647;
			files = (
				41DDB62D2492F42100BAD201 /* LaunchScreen.storyboard in Resources */,
				41DDB62A2492F42100BAD201 /* Assets.xcassets in Resources */,
				41DDB6282492F41C00BAD201 /* Main.storyboard in Resources */,
			);
			runOnlyForDeploymentPostprocessing = 0;
		};
		41DDB6312492F42200BAD201 /* Resources */ = {
			isa = PBXResourcesBuildPhase;
			buildActionMask = 2147483647;
			files = (
			);
			runOnlyForDeploymentPostprocessing = 0;
		};
		41DDB63C2492F42200BAD201 /* Resources */ = {
			isa = PBXResourcesBuildPhase;
			buildActionMask = 2147483647;
			files = (
			);
			runOnlyForDeploymentPostprocessing = 0;
		};
/* End PBXResourcesBuildPhase section */

/* Begin PBXSourcesBuildPhase section */
		41DDB6192492F41C00BAD201 /* Sources */ = {
			isa = PBXSourcesBuildPhase;
			buildActionMask = 2147483647;
			files = (
				41DDB6962492F78600BAD201 /* TVShowsSetup.swift in Sources */,
				41C7D61C2493D7D70039E030 /* UIView+AutoLayout.swift in Sources */,
				41D3610024968AE200478902 /* Cast.swift in Sources */,
				41C7D61F2493D9030039E030 /* ActivityIndicator.swift in Sources */,
				4150D2B324985F45007FBEDD /* DateFormatter+Utilities.swift in Sources */,
				41DDB6A32493304100BAD201 /* ViewControllerFactory.swift in Sources */,
				4150D2A224982D6A007FBEDD /* Day.swift in Sources */,
				4150D2A52498345B007FBEDD /* ScheduleDateEncodable.swift in Sources */,
				41DDB6A02493044800BAD201 /* Endpoint.swift in Sources */,
				41DDB6AA2493337E00BAD201 /* ShowViewModel.swift in Sources */,
				41DDB6252492F41C00BAD201 /* MainViewController.swift in Sources */,
				41D360F4249504C100478902 /* DetailViewController.swift in Sources */,
				41DDB69E2492FD2200BAD201 /* TVShow.swift in Sources */,
				41D360F824950CD800478902 /* DetailViewModel.swift in Sources */,
				41DDB6A8249332D100BAD201 /* ImageService.swift in Sources */,
				41D360F6249506B200478902 /* DetailView.swift in Sources */,
				41DDB6212492F41C00BAD201 /* AppDelegate.swift in Sources */,
				41DDB69B2492F8AF00BAD201 /* ShowService.swift in Sources */,
				41DDB6B32493BFBF00BAD201 /* MainViewCell.swift in Sources */,
				41C7D61A2493C9910039E030 /* TableViewCell+Utilities.swift in Sources */,
				41DDB6232492F41C00BAD201 /* SceneDelegate.swift in Sources */,
				41DDB6992492F7CE00BAD201 /* ServiceLayerClient.swift in Sources */,
				41DDB6B12493A53200BAD201 /* Encodable+Utilities.swift in Sources */,
				41DDB6932492F75400BAD201 /* Binding.swift in Sources */,
				41D360FA2495779000478902 /* String+Utilities.swift in Sources */,
				41D361022496D3A700478902 /* PageViewController.swift in Sources */,
				41DDB6AE249344A200BAD201 /* ScheduleDate.swift in Sources */,
				41DDB6A62493311500BAD201 /* MainViewModel.swift in Sources */,
			);
			runOnlyForDeploymentPostprocessing = 0;
		};
		41DDB62F2492F42200BAD201 /* Sources */ = {
			isa = PBXSourcesBuildPhase;
			buildActionMask = 2147483647;
			files = (
				4150D2B52498658C007FBEDD /* DetailViewModelTest.swift in Sources */,
				4150D2B1249855B6007FBEDD /* ShowViewModelTest.swift in Sources */,
				4150D2AB2498425E007FBEDD /* ShowServiceMock.swift in Sources */,
				41DDB6382492F42200BAD201 /* MainViewModelTest.swift in Sources */,
				4150D2AD24984BA8007FBEDD /* ImageServiceMock.swift in Sources */,
			);
			runOnlyForDeploymentPostprocessing = 0;
		};
		41DDB63A2492F42200BAD201 /* Sources */ = {
			isa = PBXSourcesBuildPhase;
			buildActionMask = 2147483647;
			files = (
				41DDB6432492F42200BAD201 /* TVShowsUITests.swift in Sources */,
			);
			runOnlyForDeploymentPostprocessing = 0;
		};
/* End PBXSourcesBuildPhase section */

/* Begin PBXTargetDependency section */
		41DDB6352492F42200BAD201 /* PBXTargetDependency */ = {
			isa = PBXTargetDependency;
			target = 41DDB61C2492F41C00BAD201 /* TVShows */;
			targetProxy = 41DDB6342492F42200BAD201 /* PBXContainerItemProxy */;
		};
		41DDB6402492F42200BAD201 /* PBXTargetDependency */ = {
			isa = PBXTargetDependency;
			target = 41DDB61C2492F41C00BAD201 /* TVShows */;
			targetProxy = 41DDB63F2492F42200BAD201 /* PBXContainerItemProxy */;
		};
/* End PBXTargetDependency section */

/* Begin PBXVariantGroup section */
		41DDB6262492F41C00BAD201 /* Main.storyboard */ = {
			isa = PBXVariantGroup;
			children = (
				41DDB6272492F41C00BAD201 /* Base */,
			);
			name = Main.storyboard;
			sourceTree = "<group>";
		};
		41DDB62B2492F42100BAD201 /* LaunchScreen.storyboard */ = {
			isa = PBXVariantGroup;
			children = (
				41DDB62C2492F42100BAD201 /* Base */,
			);
			name = LaunchScreen.storyboard;
			sourceTree = "<group>";
		};
/* End PBXVariantGroup section */

/* Begin XCBuildConfiguration section */
		41DDB6452492F42200BAD201 /* Debug */ = {
			isa = XCBuildConfiguration;
			buildSettings = {
				ALWAYS_SEARCH_USER_PATHS = NO;
				CLANG_ANALYZER_NONNULL = YES;
				CLANG_ANALYZER_NUMBER_OBJECT_CONVERSION = YES_AGGRESSIVE;
				CLANG_CXX_LANGUAGE_STANDARD = "gnu++14";
				CLANG_CXX_LIBRARY = "libc++";
				CLANG_ENABLE_MODULES = YES;
				CLANG_ENABLE_OBJC_ARC = YES;
				CLANG_ENABLE_OBJC_WEAK = YES;
				CLANG_WARN_BLOCK_CAPTURE_AUTORELEASING = YES;
				CLANG_WARN_BOOL_CONVERSION = YES;
				CLANG_WARN_COMMA = YES;
				CLANG_WARN_CONSTANT_CONVERSION = YES;
				CLANG_WARN_DEPRECATED_OBJC_IMPLEMENTATIONS = YES;
				CLANG_WARN_DIRECT_OBJC_ISA_USAGE = YES_ERROR;
				CLANG_WARN_DOCUMENTATION_COMMENTS = YES;
				CLANG_WARN_EMPTY_BODY = YES;
				CLANG_WARN_ENUM_CONVERSION = YES;
				CLANG_WARN_INFINITE_RECURSION = YES;
				CLANG_WARN_INT_CONVERSION = YES;
				CLANG_WARN_NON_LITERAL_NULL_CONVERSION = YES;
				CLANG_WARN_OBJC_IMPLICIT_RETAIN_SELF = YES;
				CLANG_WARN_OBJC_LITERAL_CONVERSION = YES;
				CLANG_WARN_OBJC_ROOT_CLASS = YES_ERROR;
				CLANG_WARN_RANGE_LOOP_ANALYSIS = YES;
				CLANG_WARN_STRICT_PROTOTYPES = YES;
				CLANG_WARN_SUSPICIOUS_MOVE = YES;
				CLANG_WARN_UNGUARDED_AVAILABILITY = YES_AGGRESSIVE;
				CLANG_WARN_UNREACHABLE_CODE = YES;
				CLANG_WARN__DUPLICATE_METHOD_MATCH = YES;
				COPY_PHASE_STRIP = NO;
				DEBUG_INFORMATION_FORMAT = dwarf;
				ENABLE_STRICT_OBJC_MSGSEND = YES;
				ENABLE_TESTABILITY = YES;
				GCC_C_LANGUAGE_STANDARD = gnu11;
				GCC_DYNAMIC_NO_PIC = NO;
				GCC_NO_COMMON_BLOCKS = YES;
				GCC_OPTIMIZATION_LEVEL = 0;
				GCC_PREPROCESSOR_DEFINITIONS = (
					"DEBUG=1",
					"$(inherited)",
				);
				GCC_WARN_64_TO_32_BIT_CONVERSION = YES;
				GCC_WARN_ABOUT_RETURN_TYPE = YES_ERROR;
				GCC_WARN_UNDECLARED_SELECTOR = YES;
				GCC_WARN_UNINITIALIZED_AUTOS = YES_AGGRESSIVE;
				GCC_WARN_UNUSED_FUNCTION = YES;
				GCC_WARN_UNUSED_VARIABLE = YES;
				IPHONEOS_DEPLOYMENT_TARGET = 13.5;
				MTL_ENABLE_DEBUG_INFO = INCLUDE_SOURCE;
				MTL_FAST_MATH = YES;
				ONLY_ACTIVE_ARCH = YES;
				SDKROOT = iphoneos;
				SWIFT_ACTIVE_COMPILATION_CONDITIONS = DEBUG;
				SWIFT_OPTIMIZATION_LEVEL = "-Onone";
			};
			name = Debug;
		};
		41DDB6462492F42200BAD201 /* Release */ = {
			isa = XCBuildConfiguration;
			buildSettings = {
				ALWAYS_SEARCH_USER_PATHS = NO;
				CLANG_ANALYZER_NONNULL = YES;
				CLANG_ANALYZER_NUMBER_OBJECT_CONVERSION = YES_AGGRESSIVE;
				CLANG_CXX_LANGUAGE_STANDARD = "gnu++14";
				CLANG_CXX_LIBRARY = "libc++";
				CLANG_ENABLE_MODULES = YES;
				CLANG_ENABLE_OBJC_ARC = YES;
				CLANG_ENABLE_OBJC_WEAK = YES;
				CLANG_WARN_BLOCK_CAPTURE_AUTORELEASING = YES;
				CLANG_WARN_BOOL_CONVERSION = YES;
				CLANG_WARN_COMMA = YES;
				CLANG_WARN_CONSTANT_CONVERSION = YES;
				CLANG_WARN_DEPRECATED_OBJC_IMPLEMENTATIONS = YES;
				CLANG_WARN_DIRECT_OBJC_ISA_USAGE = YES_ERROR;
				CLANG_WARN_DOCUMENTATION_COMMENTS = YES;
				CLANG_WARN_EMPTY_BODY = YES;
				CLANG_WARN_ENUM_CONVERSION = YES;
				CLANG_WARN_INFINITE_RECURSION = YES;
				CLANG_WARN_INT_CONVERSION = YES;
				CLANG_WARN_NON_LITERAL_NULL_CONVERSION = YES;
				CLANG_WARN_OBJC_IMPLICIT_RETAIN_SELF = YES;
				CLANG_WARN_OBJC_LITERAL_CONVERSION = YES;
				CLANG_WARN_OBJC_ROOT_CLASS = YES_ERROR;
				CLANG_WARN_RANGE_LOOP_ANALYSIS = YES;
				CLANG_WARN_STRICT_PROTOTYPES = YES;
				CLANG_WARN_SUSPICIOUS_MOVE = YES;
				CLANG_WARN_UNGUARDED_AVAILABILITY = YES_AGGRESSIVE;
				CLANG_WARN_UNREACHABLE_CODE = YES;
				CLANG_WARN__DUPLICATE_METHOD_MATCH = YES;
				COPY_PHASE_STRIP = NO;
				DEBUG_INFORMATION_FORMAT = "dwarf-with-dsym";
				ENABLE_NS_ASSERTIONS = NO;
				ENABLE_STRICT_OBJC_MSGSEND = YES;
				GCC_C_LANGUAGE_STANDARD = gnu11;
				GCC_NO_COMMON_BLOCKS = YES;
				GCC_WARN_64_TO_32_BIT_CONVERSION = YES;
				GCC_WARN_ABOUT_RETURN_TYPE = YES_ERROR;
				GCC_WARN_UNDECLARED_SELECTOR = YES;
				GCC_WARN_UNINITIALIZED_AUTOS = YES_AGGRESSIVE;
				GCC_WARN_UNUSED_FUNCTION = YES;
				GCC_WARN_UNUSED_VARIABLE = YES;
				IPHONEOS_DEPLOYMENT_TARGET = 13.5;
				MTL_ENABLE_DEBUG_INFO = NO;
				MTL_FAST_MATH = YES;
				SDKROOT = iphoneos;
				SWIFT_COMPILATION_MODE = wholemodule;
				SWIFT_OPTIMIZATION_LEVEL = "-O";
				VALIDATE_PRODUCT = YES;
			};
			name = Release;
		};
		41DDB6482492F42200BAD201 /* Debug */ = {
			isa = XCBuildConfiguration;
			buildSettings = {
				ASSETCATALOG_COMPILER_APPICON_NAME = AppIcon;
				CODE_SIGN_STYLE = Automatic;
				DEVELOPMENT_TEAM = 2SH2HG365W;
				INFOPLIST_FILE = TVShows/Info.plist;
				IPHONEOS_DEPLOYMENT_TARGET = 13.5;
				LD_RUNPATH_SEARCH_PATHS = (
					"$(inherited)",
					"@executable_path/Frameworks",
				);
				PRODUCT_BUNDLE_IDENTIFIER = com.aliasgar.mala.TVShows;
				PRODUCT_NAME = "$(TARGET_NAME)";
				SWIFT_VERSION = 5.0;
				TARGETED_DEVICE_FAMILY = "1,2";
			};
			name = Debug;
		};
		41DDB6492492F42200BAD201 /* Release */ = {
			isa = XCBuildConfiguration;
			buildSettings = {
				ASSETCATALOG_COMPILER_APPICON_NAME = AppIcon;
				CODE_SIGN_STYLE = Automatic;
				DEVELOPMENT_TEAM = 2SH2HG365W;
				INFOPLIST_FILE = TVShows/Info.plist;
				IPHONEOS_DEPLOYMENT_TARGET = 13.5;
				LD_RUNPATH_SEARCH_PATHS = (
					"$(inherited)",
					"@executable_path/Frameworks",
				);
				PRODUCT_BUNDLE_IDENTIFIER = com.aliasgar.mala.TVShows;
				PRODUCT_NAME = "$(TARGET_NAME)";
				SWIFT_VERSION = 5.0;
				TARGETED_DEVICE_FAMILY = "1,2";
			};
			name = Release;
		};
		41DDB64B2492F42200BAD201 /* Debug */ = {
			isa = XCBuildConfiguration;
			buildSettings = {
				ALWAYS_EMBED_SWIFT_STANDARD_LIBRARIES = YES;
				BUNDLE_LOADER = "$(TEST_HOST)";
				CODE_SIGN_STYLE = Automatic;
				DEVELOPMENT_TEAM = 2SH2HG365W;
				INFOPLIST_FILE = TVShowsTests/Info.plist;
				IPHONEOS_DEPLOYMENT_TARGET = 13.5;
				LD_RUNPATH_SEARCH_PATHS = (
					"$(inherited)",
					"@executable_path/Frameworks",
					"@loader_path/Frameworks",
				);
				PRODUCT_BUNDLE_IDENTIFIER = com.aliasgar.mala.TVShowsTests;
				PRODUCT_NAME = "$(TARGET_NAME)";
				SWIFT_VERSION = 5.0;
				TARGETED_DEVICE_FAMILY = "1,2";
				TEST_HOST = "$(BUILT_PRODUCTS_DIR)/TVShows.app/TVShows";
			};
			name = Debug;
		};
		41DDB64C2492F42200BAD201 /* Release */ = {
			isa = XCBuildConfiguration;
			buildSettings = {
				ALWAYS_EMBED_SWIFT_STANDARD_LIBRARIES = YES;
				BUNDLE_LOADER = "$(TEST_HOST)";
				CODE_SIGN_STYLE = Automatic;
				DEVELOPMENT_TEAM = 2SH2HG365W;
				INFOPLIST_FILE = TVShowsTests/Info.plist;
				IPHONEOS_DEPLOYMENT_TARGET = 13.5;
				LD_RUNPATH_SEARCH_PATHS = (
					"$(inherited)",
					"@executable_path/Frameworks",
					"@loader_path/Frameworks",
				);
				PRODUCT_BUNDLE_IDENTIFIER = com.aliasgar.mala.TVShowsTests;
				PRODUCT_NAME = "$(TARGET_NAME)";
				SWIFT_VERSION = 5.0;
				TARGETED_DEVICE_FAMILY = "1,2";
				TEST_HOST = "$(BUILT_PRODUCTS_DIR)/TVShows.app/TVShows";
			};
			name = Release;
		};
		41DDB64E2492F42200BAD201 /* Debug */ = {
			isa = XCBuildConfiguration;
			buildSettings = {
				ALWAYS_EMBED_SWIFT_STANDARD_LIBRARIES = YES;
				CODE_SIGN_STYLE = Automatic;
				DEVELOPMENT_TEAM = 2SH2HG365W;
				INFOPLIST_FILE = TVShowsUITests/Info.plist;
				LD_RUNPATH_SEARCH_PATHS = (
					"$(inherited)",
					"@executable_path/Frameworks",
					"@loader_path/Frameworks",
				);
				PRODUCT_BUNDLE_IDENTIFIER = com.aliasgar.mala.TVShowsUITests;
				PRODUCT_NAME = "$(TARGET_NAME)";
				SWIFT_VERSION = 5.0;
				TARGETED_DEVICE_FAMILY = "1,2";
				TEST_TARGET_NAME = TVShows;
			};
			name = Debug;
		};
		41DDB64F2492F42200BAD201 /* Release */ = {
			isa = XCBuildConfiguration;
			buildSettings = {
				ALWAYS_EMBED_SWIFT_STANDARD_LIBRARIES = YES;
				CODE_SIGN_STYLE = Automatic;
				DEVELOPMENT_TEAM = 2SH2HG365W;
				INFOPLIST_FILE = TVShowsUITests/Info.plist;
				LD_RUNPATH_SEARCH_PATHS = (
					"$(inherited)",
					"@executable_path/Frameworks",
					"@loader_path/Frameworks",
				);
				PRODUCT_BUNDLE_IDENTIFIER = com.aliasgar.mala.TVShowsUITests;
				PRODUCT_NAME = "$(TARGET_NAME)";
				SWIFT_VERSION = 5.0;
				TARGETED_DEVICE_FAMILY = "1,2";
				TEST_TARGET_NAME = TVShows;
			};
			name = Release;
		};
/* End XCBuildConfiguration section */

/* Begin XCConfigurationList section */
		41DDB6182492F41C00BAD201 /* Build configuration list for PBXProject "TVShows" */ = {
			isa = XCConfigurationList;
			buildConfigurations = (
				41DDB6452492F42200BAD201 /* Debug */,
				41DDB6462492F42200BAD201 /* Release */,
			);
			defaultConfigurationIsVisible = 0;
			defaultConfigurationName = Release;
		};
		41DDB6472492F42200BAD201 /* Build configuration list for PBXNativeTarget "TVShows" */ = {
			isa = XCConfigurationList;
			buildConfigurations = (
				41DDB6482492F42200BAD201 /* Debug */,
				41DDB6492492F42200BAD201 /* Release */,
			);
			defaultConfigurationIsVisible = 0;
			defaultConfigurationName = Release;
		};
		41DDB64A2492F42200BAD201 /* Build configuration list for PBXNativeTarget "TVShowsTests" */ = {
			isa = XCConfigurationList;
			buildConfigurations = (
				41DDB64B2492F42200BAD201 /* Debug */,
				41DDB64C2492F42200BAD201 /* Release */,
			);
			defaultConfigurationIsVisible = 0;
			defaultConfigurationName = Release;
		};
		41DDB64D2492F42200BAD201 /* Build configuration list for PBXNativeTarget "TVShowsUITests" */ = {
			isa = XCConfigurationList;
			buildConfigurations = (
				41DDB64E2492F42200BAD201 /* Debug */,
				41DDB64F2492F42200BAD201 /* Release */,
			);
			defaultConfigurationIsVisible = 0;
			defaultConfigurationName = Release;
		};
/* End XCConfigurationList section */
	};
	rootObject = 41DDB6152492F41C00BAD201 /* Project object */;
}
